<?xml version="1.0" encoding="utf-8"?>
<Project ToolsVersion="4.0" xmlns="http://schemas.microsoft.com/developer/msbuild/2003">
  <ItemGroup>
    <Filter Include="Source Files">
      <UniqueIdentifier>{4FC737F1-C7A5-4376-A066-2A32D752A2FF}</UniqueIdentifier>
      <Extensions>cpp;c;cc;cxx;c++;cppm;ixx;def;odl;idl;hpj;bat;asm;asmx</Extensions>
    </Filter>
    <Filter Include="Source Files\smx">
      <UniqueIdentifier>{81cf5272-690d-448d-827e-f23d64e3c565}</UniqueIdentifier>
    </Filter>
  </ItemGroup>
  <ItemGroup>
    <ClCompile Include="SpiceManiaX.cpp">
      <Filter>Source Files</Filter>
    </ClCompile>
    <ClCompile Include="smx\smx.cpp">
      <Filter>Source Files\smx</Filter>
    </ClCompile>
  </ItemGroup>
  <ItemGroup>
    <ClInclude Include="smx\smx.h">
      <Filter>Source Files\smx</Filter>
    </ClInclude>
  </ItemGroup>
</Project>